
Microsoft Visual Studio Solution File, Format Version 12.00
# Visual Studio Version 17
VisualStudioVersion = 17.3.32819.101
MinimumVisualStudioVersion = 10.0.40219.1
Project("{FAE04EC0-301F-11D3-BF4B-00C04F79EFBC}") = "Crud-Back", "Crud-Back\Crud-Back.csproj", "{53AB5164-8E40-4B27-9EFB-D26BD42172A7}"
EndProject
Global
	GlobalSection(SolutionConfigurationPlatforms) = preSolution
		Debug|Any CPU = Debug|Any CPU
		Release|Any CPU = Release|Any CPU
	EndGlobalSection
	GlobalSection(ProjectConfigurationPlatforms) = postSolution
		{53AB5164-8E40-4B27-9EFB-D26BD42172A7}.Debug|Any CPU.ActiveCfg = Debug|Any CPU
		{53AB5164-8E40-4B27-9EFB-D26BD42172A7}.Debug|Any CPU.Build.0 = Debug|Any CPU
		{53AB5164-8E40-4B27-9EFB-D26BD42172A7}.Release|Any CPU.ActiveCfg = Release|Any CPU
		{53AB5164-8E40-4B27-9EFB-D26BD42172A7}.Release|Any CPU.Build.0 = Release|Any CPU
	EndGlobalSection
	GlobalSection(SolutionProperties) = preSolution
		HideSolutionNode = FALSE
	EndGlobalSection
	GlobalSection(ExtensibilityGlobals) = postSolution
		SolutionGuid = {D135F569-17C8-4385-96CA-B79B2EAA5533}
	EndGlobalSection
EndGlobal
